
Microsoft Visual Studio Solution File, Format Version 12.00
Project("{FAE04EC0-301F-11D3-BF4B-00C04F79EFBC}") = "Kugel.StaffSearch.Api", "Kugel.StaffSearch.Api\Kugel.StaffSearch.Api.csproj", "{E86D32EB-F137-41C2-9AC0-B1BEA22D644F}"
EndProject
Project("{FAE04EC0-301F-11D3-BF4B-00C04F79EFBC}") = "Kugel.StaffSearch.Database", "Kugel.StaffSearch.Database\Kugel.StaffSearch.Database.csproj", "{879A6BBF-BAC4-4B18-A6C1-1EACD3B533ED}"
EndProject
Project("{FAE04EC0-301F-11D3-BF4B-00C04F79EFBC}") = "Kugel.StaffSearch.Database.SqlServer", "Kugel.StaffSearch.Database.SqlServer\Kugel.StaffSearch.Database.SqlServer.csproj", "{0C19B929-BDE4-4AEC-BB2B-A915E0F6D033}"
EndProject
Project("{FAE04EC0-301F-11D3-BF4B-00C04F79EFBC}") = "Kugel.StaffSearch.Database.SqlServer.Migrations", "Kugel.StaffSearch.Database.SqlServer.Migrations\Kugel.StaffSearch.Database.SqlServer.Migrations.csproj", "{42B09891-867B-4CC8-8212-1FD5E536B91A}"
EndProject
Project("{FAE04EC0-301F-11D3-BF4B-00C04F79EFBC}") = "Kugel.StaffSearch.Api.Tests", "..\..\tests\Kugel.StaffSearch.Api.Tests\Kugel.StaffSearch.Api.Tests.csproj", "{A4BDAE2E-F279-46AB-BD78-2A214A4868C5}"
EndProject
Project("{2150E333-8FDC-42A3-9474-1A3956D46DE8}") = "Services", "Services", "{496DD107-02A1-43E6-ADB6-97EB8858C711}"
EndProject
Project("{2150E333-8FDC-42A3-9474-1A3956D46DE8}") = "Tests", "Tests", "{5865DA59-050E-43AD-AA2D-2E64C95E6874}"
EndProject
Global
	GlobalSection(SolutionConfigurationPlatforms) = preSolution
		Debug|Any CPU = Debug|Any CPU
		Release|Any CPU = Release|Any CPU
	EndGlobalSection
	GlobalSection(ProjectConfigurationPlatforms) = postSolution
		{E86D32EB-F137-41C2-9AC0-B1BEA22D644F}.Debug|Any CPU.ActiveCfg = Debug|Any CPU
		{E86D32EB-F137-41C2-9AC0-B1BEA22D644F}.Debug|Any CPU.Build.0 = Debug|Any CPU
		{E86D32EB-F137-41C2-9AC0-B1BEA22D644F}.Release|Any CPU.ActiveCfg = Release|Any CPU
		{E86D32EB-F137-41C2-9AC0-B1BEA22D644F}.Release|Any CPU.Build.0 = Release|Any CPU
		{879A6BBF-BAC4-4B18-A6C1-1EACD3B533ED}.Debug|Any CPU.ActiveCfg = Debug|Any CPU
		{879A6BBF-BAC4-4B18-A6C1-1EACD3B533ED}.Debug|Any CPU.Build.0 = Debug|Any CPU
		{879A6BBF-BAC4-4B18-A6C1-1EACD3B533ED}.Release|Any CPU.ActiveCfg = Release|Any CPU
		{879A6BBF-BAC4-4B18-A6C1-1EACD3B533ED}.Release|Any CPU.Build.0 = Release|Any CPU
		{0C19B929-BDE4-4AEC-BB2B-A915E0F6D033}.Debug|Any CPU.ActiveCfg = Debug|Any CPU
		{0C19B929-BDE4-4AEC-BB2B-A915E0F6D033}.Debug|Any CPU.Build.0 = Debug|Any CPU
		{0C19B929-BDE4-4AEC-BB2B-A915E0F6D033}.Release|Any CPU.ActiveCfg = Release|Any CPU
		{0C19B929-BDE4-4AEC-BB2B-A915E0F6D033}.Release|Any CPU.Build.0 = Release|Any CPU
		{42B09891-867B-4CC8-8212-1FD5E536B91A}.Debug|Any CPU.ActiveCfg = Debug|Any CPU
		{42B09891-867B-4CC8-8212-1FD5E536B91A}.Debug|Any CPU.Build.0 = Debug|Any CPU
		{42B09891-867B-4CC8-8212-1FD5E536B91A}.Release|Any CPU.ActiveCfg = Release|Any CPU
		{42B09891-867B-4CC8-8212-1FD5E536B91A}.Release|Any CPU.Build.0 = Release|Any CPU
		{A4BDAE2E-F279-46AB-BD78-2A214A4868C5}.Debug|Any CPU.ActiveCfg = Debug|Any CPU
		{A4BDAE2E-F279-46AB-BD78-2A214A4868C5}.Debug|Any CPU.Build.0 = Debug|Any CPU
		{A4BDAE2E-F279-46AB-BD78-2A214A4868C5}.Release|Any CPU.ActiveCfg = Release|Any CPU
		{A4BDAE2E-F279-46AB-BD78-2A214A4868C5}.Release|Any CPU.Build.0 = Release|Any CPU
	EndGlobalSection
	GlobalSection(NestedProjects) = preSolution
		{E86D32EB-F137-41C2-9AC0-B1BEA22D644F} = {496DD107-02A1-43E6-ADB6-97EB8858C711}
		{879A6BBF-BAC4-4B18-A6C1-1EACD3B533ED} = {496DD107-02A1-43E6-ADB6-97EB8858C711}
		{0C19B929-BDE4-4AEC-BB2B-A915E0F6D033} = {496DD107-02A1-43E6-ADB6-97EB8858C711}
		{42B09891-867B-4CC8-8212-1FD5E536B91A} = {496DD107-02A1-43E6-ADB6-97EB8858C711}
		{A4BDAE2E-F279-46AB-BD78-2A214A4868C5} = {5865DA59-050E-43AD-AA2D-2E64C95E6874}
	EndGlobalSection
EndGlobal
